{
  "requires": true,
  "lockfileVersion": 1,
  "dependencies": {
    "autosuggest-highlight": {
      "version": "3.1.1",
      "resolved": "https://registry.npmjs.org/autosuggest-highlight/-/autosuggest-highlight-3.1.1.tgz",
      "integrity": "sha512-MQ6GNIGMMZbeA5FlBLXXgkZEthysCdYNkMV4MahB2/qB/9cwBnVsePUPnIqkMuzjzclTtDa67xln7cgLDu2f/g==",
      "requires": {
        "diacritic": "0.0.2"
      }
    },
    "diacritic": {
      "version": "0.0.2",
      "resolved": "https://registry.npmjs.org/diacritic/-/diacritic-0.0.2.tgz",
      "integrity": "sha1-/CqIe1pbwKCoVPthTHwvIJBh7gQ="
    }
  }
}
